
Microsoft Visual Studio Solution File, Format Version 12.00
# Visual Studio 2012
Project("{FAE04EC0-301F-11D3-BF4B-00C04F79EFBC}") = "CSS_Presentation", "CSS_Presentation\CSS_Presentation.csproj", "{B652A2A8-AE22-4CF9-A312-81D7B2A235BA}"
EndProject
Global
	GlobalSection(SolutionConfigurationPlatforms) = preSolution
		Debug|Any CPU = Debug|Any CPU
		Release|Any CPU = Release|Any CPU
	EndGlobalSection
	GlobalSection(ProjectConfigurationPlatforms) = postSolution
		{B652A2A8-AE22-4CF9-A312-81D7B2A235BA}.Debug|Any CPU.ActiveCfg = Debug|Any CPU
		{B652A2A8-AE22-4CF9-A312-81D7B2A235BA}.Debug|Any CPU.Build.0 = Debug|Any CPU
		{B652A2A8-AE22-4CF9-A312-81D7B2A235BA}.Release|Any CPU.ActiveCfg = Release|Any CPU
		{B652A2A8-AE22-4CF9-A312-81D7B2A235BA}.Release|Any CPU.Build.0 = Release|Any CPU
	EndGlobalSection
	GlobalSection(SolutionProperties) = preSolution
		HideSolutionNode = FALSE
	EndGlobalSection
EndGlobal
