
Microsoft Visual Studio Solution File, Format Version 12.00
# Visual Studio 2012
Project("{FAE04EC0-301F-11D3-BF4B-00C04F79EFBC}") = "Northwind.Data", "Northwind.Data\Northwind.Data.csproj", "{83674727-63FC-4576-96FB-8456E5ED8A02}"
EndProject
Project("{FAE04EC0-301F-11D3-BF4B-00C04F79EFBC}") = "Northwind.Client", "Northwind.Client\Northwind.Client.csproj", "{1BFDA734-072B-4077-8016-B52745A11198}"
EndProject
Global
	GlobalSection(SolutionConfigurationPlatforms) = preSolution
		Debug|Any CPU = Debug|Any CPU
		Release|Any CPU = Release|Any CPU
	EndGlobalSection
	GlobalSection(ProjectConfigurationPlatforms) = postSolution
		{83674727-63FC-4576-96FB-8456E5ED8A02}.Debug|Any CPU.ActiveCfg = Debug|Any CPU
		{83674727-63FC-4576-96FB-8456E5ED8A02}.Debug|Any CPU.Build.0 = Debug|Any CPU
		{83674727-63FC-4576-96FB-8456E5ED8A02}.Release|Any CPU.ActiveCfg = Release|Any CPU
		{83674727-63FC-4576-96FB-8456E5ED8A02}.Release|Any CPU.Build.0 = Release|Any CPU
		{1BFDA734-072B-4077-8016-B52745A11198}.Debug|Any CPU.ActiveCfg = Debug|Any CPU
		{1BFDA734-072B-4077-8016-B52745A11198}.Debug|Any CPU.Build.0 = Debug|Any CPU
		{1BFDA734-072B-4077-8016-B52745A11198}.Release|Any CPU.ActiveCfg = Release|Any CPU
		{1BFDA734-072B-4077-8016-B52745A11198}.Release|Any CPU.Build.0 = Release|Any CPU
	EndGlobalSection
	GlobalSection(SolutionProperties) = preSolution
		HideSolutionNode = FALSE
	EndGlobalSection
EndGlobal
