
Microsoft Visual Studio Solution File, Format Version 12.00
# Visual Studio 2012
Project("{FAE04EC0-301F-11D3-BF4B-00C04F79EFBC}") = "T01Frames", "T01Frames\T01Frames.csproj", "{E4081D2B-DF5E-42A8-B257-B1069E2CC46E}"
EndProject
Project("{FAE04EC0-301F-11D3-BF4B-00C04F79EFBC}") = "T03SupermarketQueue", "T03SupermarketQueue\T03SupermarketQueue.csproj", "{9CE8AD0F-8D23-4A59-9E7B-2C051E97789F}"
EndProject
Project("{FAE04EC0-301F-11D3-BF4B-00C04F79EFBC}") = "T05Businessmen", "T05Businessmen\T05Businessmen.csproj", "{2603F6E1-BF12-4A20-BAE8-08547E13A537}"
EndProject
Project("{FAE04EC0-301F-11D3-BF4B-00C04F79EFBC}") = "T023DLabyrinth", "T023DLabyrinth\T023DLabyrinth.csproj", "{F2556DEE-02C5-4829-8628-AC8104687BA6}"
EndProject
Project("{FAE04EC0-301F-11D3-BF4B-00C04F79EFBC}") = "T04RecoverMessage", "T04RecoverMessage\T04RecoverMessage.csproj", "{1C4FD5D3-7079-4B6C-9500-90B162F096B4}"
EndProject
Global
	GlobalSection(SolutionConfigurationPlatforms) = preSolution
		Debug|Any CPU = Debug|Any CPU
		Release|Any CPU = Release|Any CPU
	EndGlobalSection
	GlobalSection(ProjectConfigurationPlatforms) = postSolution
		{E4081D2B-DF5E-42A8-B257-B1069E2CC46E}.Debug|Any CPU.ActiveCfg = Debug|Any CPU
		{E4081D2B-DF5E-42A8-B257-B1069E2CC46E}.Debug|Any CPU.Build.0 = Debug|Any CPU
		{E4081D2B-DF5E-42A8-B257-B1069E2CC46E}.Release|Any CPU.ActiveCfg = Release|Any CPU
		{E4081D2B-DF5E-42A8-B257-B1069E2CC46E}.Release|Any CPU.Build.0 = Release|Any CPU
		{9CE8AD0F-8D23-4A59-9E7B-2C051E97789F}.Debug|Any CPU.ActiveCfg = Debug|Any CPU
		{9CE8AD0F-8D23-4A59-9E7B-2C051E97789F}.Debug|Any CPU.Build.0 = Debug|Any CPU
		{9CE8AD0F-8D23-4A59-9E7B-2C051E97789F}.Release|Any CPU.ActiveCfg = Release|Any CPU
		{9CE8AD0F-8D23-4A59-9E7B-2C051E97789F}.Release|Any CPU.Build.0 = Release|Any CPU
		{2603F6E1-BF12-4A20-BAE8-08547E13A537}.Debug|Any CPU.ActiveCfg = Debug|Any CPU
		{2603F6E1-BF12-4A20-BAE8-08547E13A537}.Debug|Any CPU.Build.0 = Debug|Any CPU
		{2603F6E1-BF12-4A20-BAE8-08547E13A537}.Release|Any CPU.ActiveCfg = Release|Any CPU
		{2603F6E1-BF12-4A20-BAE8-08547E13A537}.Release|Any CPU.Build.0 = Release|Any CPU
		{F2556DEE-02C5-4829-8628-AC8104687BA6}.Debug|Any CPU.ActiveCfg = Debug|Any CPU
		{F2556DEE-02C5-4829-8628-AC8104687BA6}.Debug|Any CPU.Build.0 = Debug|Any CPU
		{F2556DEE-02C5-4829-8628-AC8104687BA6}.Release|Any CPU.ActiveCfg = Release|Any CPU
		{F2556DEE-02C5-4829-8628-AC8104687BA6}.Release|Any CPU.Build.0 = Release|Any CPU
		{1C4FD5D3-7079-4B6C-9500-90B162F096B4}.Debug|Any CPU.ActiveCfg = Debug|Any CPU
		{1C4FD5D3-7079-4B6C-9500-90B162F096B4}.Debug|Any CPU.Build.0 = Debug|Any CPU
		{1C4FD5D3-7079-4B6C-9500-90B162F096B4}.Release|Any CPU.ActiveCfg = Release|Any CPU
		{1C4FD5D3-7079-4B6C-9500-90B162F096B4}.Release|Any CPU.Build.0 = Release|Any CPU
	EndGlobalSection
	GlobalSection(SolutionProperties) = preSolution
		HideSolutionNode = FALSE
	EndGlobalSection
EndGlobal
