
Microsoft Visual Studio Solution File, Format Version 12.00
# Visual Studio 2012
Project("{FAE04EC0-301F-11D3-BF4B-00C04F79EFBC}") = "PhonebookApplication", "PhonebookApplication\PhonebookApplication.csproj", "{1142AA4D-E56B-4512-AE59-00B4F972F22F}"
EndProject
Project("{FAE04EC0-301F-11D3-BF4B-00C04F79EFBC}") = "PhonebookApplication.Test", "PhonebookApplication.Test\PhonebookApplication.Test.csproj", "{1A7DD770-AFD2-41B2-A035-69D60D763377}"
EndProject
Global
	GlobalSection(SolutionConfigurationPlatforms) = preSolution
		Debug|Any CPU = Debug|Any CPU
		Release|Any CPU = Release|Any CPU
	EndGlobalSection
	GlobalSection(ProjectConfigurationPlatforms) = postSolution
		{1142AA4D-E56B-4512-AE59-00B4F972F22F}.Debug|Any CPU.ActiveCfg = Debug|Any CPU
		{1142AA4D-E56B-4512-AE59-00B4F972F22F}.Debug|Any CPU.Build.0 = Debug|Any CPU
		{1142AA4D-E56B-4512-AE59-00B4F972F22F}.Release|Any CPU.ActiveCfg = Release|Any CPU
		{1142AA4D-E56B-4512-AE59-00B4F972F22F}.Release|Any CPU.Build.0 = Release|Any CPU
		{1A7DD770-AFD2-41B2-A035-69D60D763377}.Debug|Any CPU.ActiveCfg = Debug|Any CPU
		{1A7DD770-AFD2-41B2-A035-69D60D763377}.Debug|Any CPU.Build.0 = Debug|Any CPU
		{1A7DD770-AFD2-41B2-A035-69D60D763377}.Release|Any CPU.ActiveCfg = Release|Any CPU
		{1A7DD770-AFD2-41B2-A035-69D60D763377}.Release|Any CPU.Build.0 = Release|Any CPU
	EndGlobalSection
	GlobalSection(SolutionProperties) = preSolution
		HideSolutionNode = FALSE
	EndGlobalSection
EndGlobal
