
Microsoft Visual Studio Solution File, Format Version 12.00
# Visual Studio 2013
VisualStudioVersion = 12.0.20827.3
MinimumVisualStudioVersion = 10.0.40219.1
Project("{FAE04EC0-301F-11D3-BF4B-00C04F79EFBC}") = "Validation", "Validation\Validation.csproj", "{C81D259A-5400-4017-A4F4-8962A5E4767A}"
EndProject
Global
	GlobalSection(SolutionConfigurationPlatforms) = preSolution
		Debug|Any CPU = Debug|Any CPU
		Release|Any CPU = Release|Any CPU
	EndGlobalSection
	GlobalSection(ProjectConfigurationPlatforms) = postSolution
		{C81D259A-5400-4017-A4F4-8962A5E4767A}.Debug|Any CPU.ActiveCfg = Debug|Any CPU
		{C81D259A-5400-4017-A4F4-8962A5E4767A}.Debug|Any CPU.Build.0 = Debug|Any CPU
		{C81D259A-5400-4017-A4F4-8962A5E4767A}.Release|Any CPU.ActiveCfg = Release|Any CPU
		{C81D259A-5400-4017-A4F4-8962A5E4767A}.Release|Any CPU.Build.0 = Release|Any CPU
	EndGlobalSection
	GlobalSection(SolutionProperties) = preSolution
		HideSolutionNode = FALSE
	EndGlobalSection
EndGlobal
