
Microsoft Visual Studio Solution File, Format Version 12.00
# Visual Studio 2012
Project("{FAE04EC0-301F-11D3-BF4B-00C04F79EFBC}") = "Task1", "Task1\Task1.csproj", "{1047A0E9-9E09-475D-914D-F93472448B55}"
EndProject
Project("{FAE04EC0-301F-11D3-BF4B-00C04F79EFBC}") = "Task2", "Task2\Task2.csproj", "{C5F55231-B96B-4E00-BC10-D5E72C25562F}"
EndProject
Project("{FAE04EC0-301F-11D3-BF4B-00C04F79EFBC}") = "Task3", "Task3\Task3.csproj", "{EED79C00-D6A7-448C-8208-E1055F62715F}"
EndProject
Global
	GlobalSection(SolutionConfigurationPlatforms) = preSolution
		Debug|Any CPU = Debug|Any CPU
		Release|Any CPU = Release|Any CPU
	EndGlobalSection
	GlobalSection(ProjectConfigurationPlatforms) = postSolution
		{1047A0E9-9E09-475D-914D-F93472448B55}.Debug|Any CPU.ActiveCfg = Debug|Any CPU
		{1047A0E9-9E09-475D-914D-F93472448B55}.Debug|Any CPU.Build.0 = Debug|Any CPU
		{1047A0E9-9E09-475D-914D-F93472448B55}.Release|Any CPU.ActiveCfg = Release|Any CPU
		{1047A0E9-9E09-475D-914D-F93472448B55}.Release|Any CPU.Build.0 = Release|Any CPU
		{C5F55231-B96B-4E00-BC10-D5E72C25562F}.Debug|Any CPU.ActiveCfg = Debug|Any CPU
		{C5F55231-B96B-4E00-BC10-D5E72C25562F}.Debug|Any CPU.Build.0 = Debug|Any CPU
		{C5F55231-B96B-4E00-BC10-D5E72C25562F}.Release|Any CPU.ActiveCfg = Release|Any CPU
		{C5F55231-B96B-4E00-BC10-D5E72C25562F}.Release|Any CPU.Build.0 = Release|Any CPU
		{EED79C00-D6A7-448C-8208-E1055F62715F}.Debug|Any CPU.ActiveCfg = Debug|Any CPU
		{EED79C00-D6A7-448C-8208-E1055F62715F}.Debug|Any CPU.Build.0 = Debug|Any CPU
		{EED79C00-D6A7-448C-8208-E1055F62715F}.Release|Any CPU.ActiveCfg = Release|Any CPU
		{EED79C00-D6A7-448C-8208-E1055F62715F}.Release|Any CPU.Build.0 = Release|Any CPU
	EndGlobalSection
	GlobalSection(SolutionProperties) = preSolution
		HideSolutionNode = FALSE
	EndGlobalSection
EndGlobal
