
Microsoft Visual Studio Solution File, Format Version 12.00
# Visual Studio 2012
Project("{FAE04EC0-301F-11D3-BF4B-00C04F79EFBC}") = "JavaScriptAPIs", "JavaScriptAPIs\JavaScriptAPIs.csproj", "{5956AFFF-6FC5-425B-9CAA-91B8C51F8604}"
EndProject
Global
	GlobalSection(SolutionConfigurationPlatforms) = preSolution
		Debug|Any CPU = Debug|Any CPU
		Release|Any CPU = Release|Any CPU
	EndGlobalSection
	GlobalSection(ProjectConfigurationPlatforms) = postSolution
		{5956AFFF-6FC5-425B-9CAA-91B8C51F8604}.Debug|Any CPU.ActiveCfg = Debug|Any CPU
		{5956AFFF-6FC5-425B-9CAA-91B8C51F8604}.Debug|Any CPU.Build.0 = Debug|Any CPU
		{5956AFFF-6FC5-425B-9CAA-91B8C51F8604}.Release|Any CPU.ActiveCfg = Release|Any CPU
		{5956AFFF-6FC5-425B-9CAA-91B8C51F8604}.Release|Any CPU.Build.0 = Release|Any CPU
	EndGlobalSection
	GlobalSection(SolutionProperties) = preSolution
		HideSolutionNode = FALSE
	EndGlobalSection
EndGlobal
