
Microsoft Visual Studio Solution File, Format Version 12.00
# Visual Studio 2012
Project("{FAE04EC0-301F-11D3-BF4B-00C04F79EFBC}") = "ExamPreparation", "ExamPreparation\ExamPreparation.csproj", "{7D5A32CB-360E-4667-8B63-58C3A54994A2}"
EndProject
Global
	GlobalSection(SolutionConfigurationPlatforms) = preSolution
		Debug|Any CPU = Debug|Any CPU
		Release|Any CPU = Release|Any CPU
	EndGlobalSection
	GlobalSection(ProjectConfigurationPlatforms) = postSolution
		{7D5A32CB-360E-4667-8B63-58C3A54994A2}.Debug|Any CPU.ActiveCfg = Debug|Any CPU
		{7D5A32CB-360E-4667-8B63-58C3A54994A2}.Debug|Any CPU.Build.0 = Debug|Any CPU
		{7D5A32CB-360E-4667-8B63-58C3A54994A2}.Release|Any CPU.ActiveCfg = Release|Any CPU
		{7D5A32CB-360E-4667-8B63-58C3A54994A2}.Release|Any CPU.Build.0 = Release|Any CPU
	EndGlobalSection
	GlobalSection(SolutionProperties) = preSolution
		HideSolutionNode = FALSE
	EndGlobalSection
EndGlobal
