
Microsoft Visual Studio Solution File, Format Version 12.00
# Visual Studio 2012
Project("{FAE04EC0-301F-11D3-BF4B-00C04F79EFBC}") = "P3SunGlass", "P3SunGlass\P3SunGlass.csproj", "{B5C12E4D-D9CC-4058-917B-EEB93DDD2CE3}"
EndProject
Project("{FAE04EC0-301F-11D3-BF4B-00C04F79EFBC}") = "P4DancingBits", "P4DancingBits\P4DancingBits.csproj", "{0B717EAD-B74F-4CC0-BCB1-DF5538CF4D9A}"
EndProject
Project("{FAE04EC0-301F-11D3-BF4B-00C04F79EFBC}") = "P2AstrologicalDigits", "P2AstrologicalDigits\P2AstrologicalDigits.csproj", "{B5226713-5F25-4587-A615-BA36854BA4CA}"
EndProject
Project("{FAE04EC0-301F-11D3-BF4B-00C04F79EFBC}") = "P5Lines", "P5Lines\P5Lines.csproj", "{69928C68-E16D-4566-B3E2-8A46C433C042}"
EndProject
Global
	GlobalSection(SolutionConfigurationPlatforms) = preSolution
		Debug|Any CPU = Debug|Any CPU
		Release|Any CPU = Release|Any CPU
	EndGlobalSection
	GlobalSection(ProjectConfigurationPlatforms) = postSolution
		{B5C12E4D-D9CC-4058-917B-EEB93DDD2CE3}.Debug|Any CPU.ActiveCfg = Debug|Any CPU
		{B5C12E4D-D9CC-4058-917B-EEB93DDD2CE3}.Debug|Any CPU.Build.0 = Debug|Any CPU
		{B5C12E4D-D9CC-4058-917B-EEB93DDD2CE3}.Release|Any CPU.ActiveCfg = Release|Any CPU
		{B5C12E4D-D9CC-4058-917B-EEB93DDD2CE3}.Release|Any CPU.Build.0 = Release|Any CPU
		{0B717EAD-B74F-4CC0-BCB1-DF5538CF4D9A}.Debug|Any CPU.ActiveCfg = Debug|Any CPU
		{0B717EAD-B74F-4CC0-BCB1-DF5538CF4D9A}.Debug|Any CPU.Build.0 = Debug|Any CPU
		{0B717EAD-B74F-4CC0-BCB1-DF5538CF4D9A}.Release|Any CPU.ActiveCfg = Release|Any CPU
		{0B717EAD-B74F-4CC0-BCB1-DF5538CF4D9A}.Release|Any CPU.Build.0 = Release|Any CPU
		{B5226713-5F25-4587-A615-BA36854BA4CA}.Debug|Any CPU.ActiveCfg = Debug|Any CPU
		{B5226713-5F25-4587-A615-BA36854BA4CA}.Debug|Any CPU.Build.0 = Debug|Any CPU
		{B5226713-5F25-4587-A615-BA36854BA4CA}.Release|Any CPU.ActiveCfg = Release|Any CPU
		{B5226713-5F25-4587-A615-BA36854BA4CA}.Release|Any CPU.Build.0 = Release|Any CPU
		{69928C68-E16D-4566-B3E2-8A46C433C042}.Debug|Any CPU.ActiveCfg = Debug|Any CPU
		{69928C68-E16D-4566-B3E2-8A46C433C042}.Debug|Any CPU.Build.0 = Debug|Any CPU
		{69928C68-E16D-4566-B3E2-8A46C433C042}.Release|Any CPU.ActiveCfg = Release|Any CPU
		{69928C68-E16D-4566-B3E2-8A46C433C042}.Release|Any CPU.Build.0 = Release|Any CPU
	EndGlobalSection
	GlobalSection(SolutionProperties) = preSolution
		HideSolutionNode = FALSE
	EndGlobalSection
EndGlobal
