
Microsoft Visual Studio Solution File, Format Version 12.00
# Visual Studio 2012
Project("{FAE04EC0-301F-11D3-BF4B-00C04F79EFBC}") = "ConditionalStatements", "ConditionalStatements\ConditionalStatements.csproj", "{B2126405-DE44-428A-A0C6-BFB32131E058}"
EndProject
Global
	GlobalSection(SolutionConfigurationPlatforms) = preSolution
		Debug|Any CPU = Debug|Any CPU
		Release|Any CPU = Release|Any CPU
	EndGlobalSection
	GlobalSection(ProjectConfigurationPlatforms) = postSolution
		{B2126405-DE44-428A-A0C6-BFB32131E058}.Debug|Any CPU.ActiveCfg = Debug|Any CPU
		{B2126405-DE44-428A-A0C6-BFB32131E058}.Debug|Any CPU.Build.0 = Debug|Any CPU
		{B2126405-DE44-428A-A0C6-BFB32131E058}.Release|Any CPU.ActiveCfg = Release|Any CPU
		{B2126405-DE44-428A-A0C6-BFB32131E058}.Release|Any CPU.Build.0 = Release|Any CPU
	EndGlobalSection
	GlobalSection(SolutionProperties) = preSolution
		HideSolutionNode = FALSE
	EndGlobalSection
EndGlobal
