
Microsoft Visual Studio Solution File, Format Version 12.00
# Visual Studio 2012
Project("{FAE04EC0-301F-11D3-BF4B-00C04F79EFBC}") = "BalloonsPopGame.Common", "BalloonsPopGame.Common\BalloonsPopGame.Common.csproj", "{51BDC421-940D-4AC3-89E5-DD87E3BE8735}"
EndProject
Project("{FAE04EC0-301F-11D3-BF4B-00C04F79EFBC}") = "BalloonsPopGame.UI", "BalloonsPopGame.UI\BalloonsPopGame.UI.csproj", "{35A2FB31-5BB3-4730-BB8D-694E7EA5BA6D}"
EndProject
Project("{FAE04EC0-301F-11D3-BF4B-00C04F79EFBC}") = "BalloonsPopGame.Tests", "BalloonsPopGame.Tests\BalloonsPopGame.Tests.csproj", "{18DF16E3-4365-4F76-AF34-5A39EB734369}"
EndProject
Global
	GlobalSection(SolutionConfigurationPlatforms) = preSolution
		Debug|Any CPU = Debug|Any CPU
		Release|Any CPU = Release|Any CPU
	EndGlobalSection
	GlobalSection(ProjectConfigurationPlatforms) = postSolution
		{51BDC421-940D-4AC3-89E5-DD87E3BE8735}.Debug|Any CPU.ActiveCfg = Debug|Any CPU
		{51BDC421-940D-4AC3-89E5-DD87E3BE8735}.Debug|Any CPU.Build.0 = Debug|Any CPU
		{51BDC421-940D-4AC3-89E5-DD87E3BE8735}.Release|Any CPU.ActiveCfg = Release|Any CPU
		{51BDC421-940D-4AC3-89E5-DD87E3BE8735}.Release|Any CPU.Build.0 = Release|Any CPU
		{35A2FB31-5BB3-4730-BB8D-694E7EA5BA6D}.Debug|Any CPU.ActiveCfg = Debug|Any CPU
		{35A2FB31-5BB3-4730-BB8D-694E7EA5BA6D}.Debug|Any CPU.Build.0 = Debug|Any CPU
		{35A2FB31-5BB3-4730-BB8D-694E7EA5BA6D}.Release|Any CPU.ActiveCfg = Release|Any CPU
		{35A2FB31-5BB3-4730-BB8D-694E7EA5BA6D}.Release|Any CPU.Build.0 = Release|Any CPU
		{18DF16E3-4365-4F76-AF34-5A39EB734369}.Debug|Any CPU.ActiveCfg = Debug|Any CPU
		{18DF16E3-4365-4F76-AF34-5A39EB734369}.Debug|Any CPU.Build.0 = Debug|Any CPU
		{18DF16E3-4365-4F76-AF34-5A39EB734369}.Release|Any CPU.ActiveCfg = Release|Any CPU
		{18DF16E3-4365-4F76-AF34-5A39EB734369}.Release|Any CPU.Build.0 = Release|Any CPU
	EndGlobalSection
	GlobalSection(SolutionProperties) = preSolution
		HideSolutionNode = FALSE
	EndGlobalSection
EndGlobal
